schema: '2.0'
stages:
  data_ingestion:
    cmd: python src/cnnClassifier/pipeline/stage_01_data_ingestion.py
    deps:
    - path: config/config.yaml
      hash: md5
      md5: 846fa6ea409fa026d50005763f8dc400
      size: 578
    - path: src/cnnClassifier/pipeline/stage_01_data_ingestion.py
      hash: md5
      md5: ab5be81b094a9cc423b08beae6c402d9
      size: 914
    outs:
    - path: artifacts/data_ingestion/pneumonia-detection-data
      hash: md5
      md5: 7e49b102d2764de12ae74069c7b87f3b.dir
      size: 1154397616
      nfiles: 5216
  prepare_base_model:
    cmd: python src/cnnClassifier/pipeline/stage_02_prepare_base_model.py
    deps:
    - path: config/config.yaml
      hash: md5
      md5: 846fa6ea409fa026d50005763f8dc400
      size: 578
    - path: src/cnnClassifier/pipeline/stage_02_prepare_base_model.py
      hash: md5
      md5: 467233cce6c6d75a7ac4e3dd11a19fae
      size: 962
    params:
      params.yaml:
        CLASSES: 2
        IMAGE_SIZE:
        - 224
        - 224
        - 3
        INCLUDE_TOP: false
        LEARNING_RATE: 0.01
        WEIGHTS: imagenet
    outs:
    - path: artifacts/prepare_base_model
      hash: md5
      md5: 1716095ce8fcb7bce4a0d5bc7709aa3a.dir
      size: 118059248
      nfiles: 2
  training:
    cmd: python src/cnnClassifier/pipeline/stage_03_model_trainer.py
    deps:
    - path: artifacts/data_ingestion/pneumonia-detection-data
      hash: md5
      md5: 7e49b102d2764de12ae74069c7b87f3b.dir
      size: 1154397616
      nfiles: 5216
    - path: artifacts/prepare_base_model
      hash: md5
      md5: 1716095ce8fcb7bce4a0d5bc7709aa3a.dir
      size: 118059248
      nfiles: 2
    - path: config/config.yaml
      hash: md5
      md5: 846fa6ea409fa026d50005763f8dc400
      size: 578
    - path: src/cnnClassifier/pipeline/stage_03_model_trainer.py
      hash: md5
      md5: 6ec55f3955b9ecfe917352556b68fe5e
      size: 926
    params:
      params.yaml:
        AUGMENTATION: true
        BATCH_SIZE: 16
        EPOCHS: 10
        IMAGE_SIZE:
        - 224
        - 224
        - 3
    outs:
    - path: artifacts/training/model.h5
      hash: md5
      md5: 602753f43b39dabb978ba9792ee6b5f1
      size: 59340720
  evaluation:
    cmd: python src/cnnClassifier/pipeline/stage_04_model_evaluation.py
    deps:
    - path: artifacts/data_ingestion/pneumonia-detection-data
      hash: md5
      md5: 7e49b102d2764de12ae74069c7b87f3b.dir
      size: 1154397616
      nfiles: 5216
    - path: artifacts/training/model.h5
      hash: md5
      md5: 602753f43b39dabb978ba9792ee6b5f1
      size: 59340720
    - path: config/config.yaml
      hash: md5
      md5: 846fa6ea409fa026d50005763f8dc400
      size: 578
    - path: src/cnnClassifier/pipeline/stage_04_model_evaluation.py
      hash: md5
      md5: bc43e75a63e0c24642c1940b4e059db6
      size: 929
    params:
      params.yaml:
        BATCH_SIZE: 16
        IMAGE_SIZE:
        - 224
        - 224
        - 3
    outs:
    - path: scores.json
      hash: md5
      md5: 48c6f2aa4224226780b16e7897dc648e
      size: 73
